
Microsoft Visual Studio Solution File, Format Version 12.00
# Visual Studio Version 17
VisualStudioVersion = 17.4.33110.190
MinimumVisualStudioVersion = 10.0.40219.1
Project("{8BC9CEB8-8B4A-11D0-8D11-00A0C91BC942}") = "testbed", "testbed\testbed.vcxproj", "{4E0AAEF8-C883-4DA5-B862-AF38DAAE4B3B}"
EndProject
Global
	GlobalSection(SolutionConfigurationPlatforms) = preSolution
		Debug|x64 = Debug|x64
		Debug|x86 = Debug|x86
		Release|x64 = Release|x64
		Release|x86 = Release|x86
	EndGlobalSection
	GlobalSection(ProjectConfigurationPlatforms) = postSolution
		{4E0AAEF8-C883-4DA5-B862-AF38DAAE4B3B}.Debug|x64.ActiveCfg = Debug|x64
		{4E0AAEF8-C883-4DA5-B862-AF38DAAE4B3B}.Debug|x64.Build.0 = Debug|x64
		{4E0AAEF8-C883-4DA5-B862-AF38DAAE4B3B}.Debug|x86.ActiveCfg = Debug|Win32
		{4E0AAEF8-C883-4DA5-B862-AF38DAAE4B3B}.Debug|x86.Build.0 = Debug|Win32
		{4E0AAEF8-C883-4DA5-B862-AF38DAAE4B3B}.Release|x64.ActiveCfg = Release|x64
		{4E0AAEF8-C883-4DA5-B862-AF38DAAE4B3B}.Release|x64.Build.0 = Release|x64
		{4E0AAEF8-C883-4DA5-B862-AF38DAAE4B3B}.Release|x86.ActiveCfg = Release|Win32
		{4E0AAEF8-C883-4DA5-B862-AF38DAAE4B3B}.Release|x86.Build.0 = Release|Win32
	EndGlobalSection
	GlobalSection(SolutionProperties) = preSolution
		HideSolutionNode = FALSE
	EndGlobalSection
	GlobalSection(ExtensibilityGlobals) = postSolution
		SolutionGuid = {ECC3F591-88E2-467A-8F68-1F553B7C4CFB}
	EndGlobalSection
EndGlobal
