
Microsoft Visual Studio Solution File, Format Version 12.00
# Visual Studio Version 17
VisualStudioVersion = 17.4.33110.190
MinimumVisualStudioVersion = 10.0.40219.1
Project("{8BC9CEB8-8B4A-11D0-8D11-00A0C91BC942}") = "Swipe", "Swipe\Swipe.vcxproj", "{53727BC4-A7DC-422F-848F-61B401C11839}"
EndProject
Project("{8BC9CEB8-8B4A-11D0-8D11-00A0C91BC942}") = "TempleRun", "TempleRun\TempleRun.vcxproj", "{A519EF46-016C-4E8A-8604-E64B2E9A9533}"
EndProject
Global
	GlobalSection(SolutionConfigurationPlatforms) = preSolution
		Debug|ARM = Debug|ARM
		Debug|ARM64 = Debug|ARM64
		Debug|x64 = Debug|x64
		Debug|x86 = Debug|x86
		Release|ARM = Release|ARM
		Release|ARM64 = Release|ARM64
		Release|x64 = Release|x64
		Release|x86 = Release|x86
	EndGlobalSection
	GlobalSection(ProjectConfigurationPlatforms) = postSolution
		{53727BC4-A7DC-422F-848F-61B401C11839}.Debug|ARM.ActiveCfg = Debug|x64
		{53727BC4-A7DC-422F-848F-61B401C11839}.Debug|ARM.Build.0 = Debug|x64
		{53727BC4-A7DC-422F-848F-61B401C11839}.Debug|ARM64.ActiveCfg = Debug|x64
		{53727BC4-A7DC-422F-848F-61B401C11839}.Debug|ARM64.Build.0 = Debug|x64
		{53727BC4-A7DC-422F-848F-61B401C11839}.Debug|x64.ActiveCfg = Debug|x64
		{53727BC4-A7DC-422F-848F-61B401C11839}.Debug|x64.Build.0 = Debug|x64
		{53727BC4-A7DC-422F-848F-61B401C11839}.Debug|x86.ActiveCfg = Debug|Win32
		{53727BC4-A7DC-422F-848F-61B401C11839}.Debug|x86.Build.0 = Debug|Win32
		{53727BC4-A7DC-422F-848F-61B401C11839}.Release|ARM.ActiveCfg = Release|x64
		{53727BC4-A7DC-422F-848F-61B401C11839}.Release|ARM.Build.0 = Release|x64
		{53727BC4-A7DC-422F-848F-61B401C11839}.Release|ARM64.ActiveCfg = Release|x64
		{53727BC4-A7DC-422F-848F-61B401C11839}.Release|ARM64.Build.0 = Release|x64
		{53727BC4-A7DC-422F-848F-61B401C11839}.Release|x64.ActiveCfg = Release|x64
		{53727BC4-A7DC-422F-848F-61B401C11839}.Release|x64.Build.0 = Release|x64
		{53727BC4-A7DC-422F-848F-61B401C11839}.Release|x86.ActiveCfg = Release|Win32
		{53727BC4-A7DC-422F-848F-61B401C11839}.Release|x86.Build.0 = Release|Win32
		{A519EF46-016C-4E8A-8604-E64B2E9A9533}.Debug|ARM.ActiveCfg = Debug|x64
		{A519EF46-016C-4E8A-8604-E64B2E9A9533}.Debug|ARM.Build.0 = Debug|x64
		{A519EF46-016C-4E8A-8604-E64B2E9A9533}.Debug|ARM64.ActiveCfg = Debug|x64
		{A519EF46-016C-4E8A-8604-E64B2E9A9533}.Debug|ARM64.Build.0 = Debug|x64
		{A519EF46-016C-4E8A-8604-E64B2E9A9533}.Debug|x64.ActiveCfg = Debug|x64
		{A519EF46-016C-4E8A-8604-E64B2E9A9533}.Debug|x64.Build.0 = Debug|x64
		{A519EF46-016C-4E8A-8604-E64B2E9A9533}.Debug|x86.ActiveCfg = Debug|Win32
		{A519EF46-016C-4E8A-8604-E64B2E9A9533}.Debug|x86.Build.0 = Debug|Win32
		{A519EF46-016C-4E8A-8604-E64B2E9A9533}.Release|ARM.ActiveCfg = Release|x64
		{A519EF46-016C-4E8A-8604-E64B2E9A9533}.Release|ARM.Build.0 = Release|x64
		{A519EF46-016C-4E8A-8604-E64B2E9A9533}.Release|ARM64.ActiveCfg = Release|x64
		{A519EF46-016C-4E8A-8604-E64B2E9A9533}.Release|ARM64.Build.0 = Release|x64
		{A519EF46-016C-4E8A-8604-E64B2E9A9533}.Release|x64.ActiveCfg = Release|x64
		{A519EF46-016C-4E8A-8604-E64B2E9A9533}.Release|x64.Build.0 = Release|x64
		{A519EF46-016C-4E8A-8604-E64B2E9A9533}.Release|x86.ActiveCfg = Release|Win32
		{A519EF46-016C-4E8A-8604-E64B2E9A9533}.Release|x86.Build.0 = Release|Win32
	EndGlobalSection
	GlobalSection(SolutionProperties) = preSolution
		HideSolutionNode = FALSE
	EndGlobalSection
	GlobalSection(ExtensibilityGlobals) = postSolution
		SolutionGuid = {8847F5A2-7565-4F7F-B44A-40961E751683}
	EndGlobalSection
EndGlobal
