
Microsoft Visual Studio Solution File, Format Version 12.00
# Visual Studio Version 17
VisualStudioVersion = 17.3.32901.215
MinimumVisualStudioVersion = 10.0.40219.1
Project("{8BC9CEB8-8B4A-11D0-8D11-00A0C91BC942}") = "testbed", "testbed\testbed.vcxproj", "{0FCB435A-C17F-44AA-A99F-DF8CE93F96EB}"
EndProject
Project("{8BC9CEB8-8B4A-11D0-8D11-00A0C91BC942}") = "console", "console\console.vcxproj", "{E1769D88-C90B-4A51-8955-E7BC9DE666E3}"
EndProject
Project("{8BC9CEB8-8B4A-11D0-8D11-00A0C91BC942}") = "Gomoku", "Gomoku\Gomoku.vcxproj", "{E33046AB-DC9E-45B6-992E-A519D698AB2E}"
EndProject
Project("{8BC9CEB8-8B4A-11D0-8D11-00A0C91BC942}") = "3.model_loading", "3.model_loading\3.model_loading.vcxproj", "{3E4ECC1D-9F81-469C-AC4C-BCFA8E72BFFC}"
EndProject
Project("{8BC9CEB8-8B4A-11D0-8D11-00A0C91BC942}") = "4.1-depth_testing", "4.1-depth_testing\4.1-depth_testing.vcxproj", "{B3F31EDB-D5C8-47D7-98E3-08545260EF22}"
EndProject
Project("{8BC9CEB8-8B4A-11D0-8D11-00A0C91BC942}") = "4.2-stencil_testing", "4.2-stencil_testing\4.2-stencil_testing.vcxproj", "{E7C15F42-0F2B-4BD8-A695-D0E53DD57CC8}"
EndProject
Project("{8BC9CEB8-8B4A-11D0-8D11-00A0C91BC942}") = "ShaderIDE", "ShaderIDE\ShaderIDE.vcxproj", "{9744B15B-3B94-4E21-BF34-AEE6257C0C61}"
EndProject
Project("{8BC9CEB8-8B4A-11D0-8D11-00A0C91BC942}") = "Editor", "Editor\Editor.vcxproj", "{06FACDED-6364-4162-8FB3-17D7B952819E}"
EndProject
Project("{8BC9CEB8-8B4A-11D0-8D11-00A0C91BC942}") = "Video", "Video\Video.vcxproj", "{8DE1F490-4124-4AE1-8E2E-F60150B4B0FC}"
EndProject
Project("{8BC9CEB8-8B4A-11D0-8D11-00A0C91BC942}") = "Music", "Music\Music.vcxproj", "{C7D0B2F8-7832-4384-A35C-9BADD63CDC7D}"
EndProject
Project("{8BC9CEB8-8B4A-11D0-8D11-00A0C91BC942}") = "BounceBall", "BounceBall\BounceBall.vcxproj", "{7B7B7771-28EB-4677-94F0-0A710534862D}"
EndProject
Project("{8BC9CEB8-8B4A-11D0-8D11-00A0C91BC942}") = "Swipe", "Swipe\Swipe.vcxproj", "{53FD2493-203B-4B11-AA7B-80DCDABF79A2}"
EndProject
Project("{8BC9CEB8-8B4A-11D0-8D11-00A0C91BC942}") = "Rider", "Rider\Rider.vcxproj", "{3973D2B9-025F-463C-93FA-7489D0FE33FB}"
EndProject
Project("{8BC9CEB8-8B4A-11D0-8D11-00A0C91BC942}") = "Tank.io", "Tank.io\Tank.io.vcxproj", "{62DC858F-0B21-484C-B4B2-267A4A3BE251}"
EndProject
Project("{8BC9CEB8-8B4A-11D0-8D11-00A0C91BC942}") = "Alkagi", "Alkagi\Alkagi.vcxproj", "{1D1F3537-0236-45BF-8FE4-0FEAE18166C1}"
EndProject
Project("{8BC9CEB8-8B4A-11D0-8D11-00A0C91BC942}") = "CrazyArcade", "CrazyArcade\CrazyArcade.vcxproj", "{F2B21107-AB2F-4E65-9796-0D04251E61C3}"
EndProject
Project("{8BC9CEB8-8B4A-11D0-8D11-00A0C91BC942}") = "FallGuys", "FallGuys\FallGuys.vcxproj", "{E467C0AD-4567-4450-A9DD-C83BA7937BA4}"
EndProject
Project("{8BC9CEB8-8B4A-11D0-8D11-00A0C91BC942}") = "KartRider", "KartRider\KartRider.vcxproj", "{57DF2417-B542-42BA-86EC-93ED7C10746B}"
EndProject
Project("{8BC9CEB8-8B4A-11D0-8D11-00A0C91BC942}") = "Poker", "Poker\Poker.vcxproj", "{6C340AE6-FFD7-47B3-A01D-66F4EDFFBA56}"
EndProject
Project("{8BC9CEB8-8B4A-11D0-8D11-00A0C91BC942}") = "TempleRun", "TempleRun\TempleRun.vcxproj", "{5171116F-0001-4F9A-AEA7-C8C0A6A3D897}"
EndProject
Project("{8BC9CEB8-8B4A-11D0-8D11-00A0C91BC942}") = "TankHero", "TankHero\TankHero.vcxproj", "{A7E1BA9B-0DF5-4457-B96C-4BD457D823C8}"
EndProject
Project("{8BC9CEB8-8B4A-11D0-8D11-00A0C91BC942}") = "Tetris", "Tetris\Tetris.vcxproj", "{10042182-78D8-4D1E-BE97-CC54DEC24D03}"
EndProject
Project("{8BC9CEB8-8B4A-11D0-8D11-00A0C91BC942}") = "TapSonic", "TapSonic\TapSonic.vcxproj", "{C086FE82-B94D-46D1-A397-3ACCE6BF990D}"
EndProject
Project("{8BC9CEB8-8B4A-11D0-8D11-00A0C91BC942}") = "Gomoku-server", "Gomoku-server\Gomoku-server.vcxproj", "{6AA1FCFC-C4A9-40A9-A561-78205DDC2C4E}"
EndProject
Project("{8BC9CEB8-8B4A-11D0-8D11-00A0C91BC942}") = "GolfIt", "GolfIt\GolfIt.vcxproj", "{44C7134B-E7F7-403E-97BE-7D405D7B8137}"
EndProject
Project("{8BC9CEB8-8B4A-11D0-8D11-00A0C91BC942}") = "GettingOverIt", "GettingOverIt\GettingOverIt.vcxproj", "{26396190-B537-4A56-A986-2CB6B81CCEAD}"
EndProject
Project("{8BC9CEB8-8B4A-11D0-8D11-00A0C91BC942}") = "ApexLegends", "ApexLegends\ApexLegends.vcxproj", "{4C68A18C-512E-4B69-9259-CB3815D4D0F4}"
EndProject
Project("{8BC9CEB8-8B4A-11D0-8D11-00A0C91BC942}") = "FlappyBird", "FlappyBird\FlappyBird.vcxproj", "{4E6F2FE7-89CE-4A8D-A44F-F999B050E36B}"
EndProject
Project("{8BC9CEB8-8B4A-11D0-8D11-00A0C91BC942}") = "Brawlstars", "Brawlstars\Brawlstars.vcxproj", "{8C640932-FE09-47A6-9B39-7C5AB54AB39C}"
EndProject
Project("{8BC9CEB8-8B4A-11D0-8D11-00A0C91BC942}") = "MarioParty", "MarioParty\MarioParty.vcxproj", "{B4585546-24D1-4F18-89B6-B410F526531F}"
EndProject
Project("{8BC9CEB8-8B4A-11D0-8D11-00A0C91BC942}") = "Minecraft", "Minecraft\Minecraft.vcxproj", "{5189C86A-6E3D-4D64-82BB-5731F76E4A2B}"
EndProject
Project("{8BC9CEB8-8B4A-11D0-8D11-00A0C91BC942}") = "Pokemon", "Pokemon\Pokemon.vcxproj", "{7E6E4C56-A34D-4176-A917-3DCC2BEA57E2}"
EndProject
Project("{8BC9CEB8-8B4A-11D0-8D11-00A0C91BC942}") = "TalesRunner", "TalesRunner\TalesRunner.vcxproj", "{F0DE7145-1369-4B5A-B87C-291FE2434075}"
EndProject
Project("{8BC9CEB8-8B4A-11D0-8D11-00A0C91BC942}") = "2048", "2048\2048.vcxproj", "{E668452B-4D6D-40C3-8686-9E186BDFCF92}"
EndProject
Project("{8BC9CEB8-8B4A-11D0-8D11-00A0C91BC942}") = "Browser", "Browser\Browser.vcxproj", "{6CC208E1-8DD7-4776-8E07-00760FC90993}"
EndProject
Project("{8BC9CEB8-8B4A-11D0-8D11-00A0C91BC942}") = "Email", "Email\Email.vcxproj", "{37289289-F99B-48E3-96A1-0ABE74955656}"
EndProject
Project("{8BC9CEB8-8B4A-11D0-8D11-00A0C91BC942}") = "Paint", "Paint\Paint.vcxproj", "{D01939AA-5870-4B16-9242-23CD8C842189}"
EndProject
Project("{8BC9CEB8-8B4A-11D0-8D11-00A0C91BC942}") = "PDF", "PDF\PDF.vcxproj", "{77A4647B-034D-4FB0-BD82-CA158312C1B7}"
EndProject
Project("{8BC9CEB8-8B4A-11D0-8D11-00A0C91BC942}") = "Math", "Math\Math.vcxproj", "{758DB7E5-9851-4EB2-A3C0-EB52014FB825}"
EndProject
Project("{8BC9CEB8-8B4A-11D0-8D11-00A0C91BC942}") = "SquidGame", "SquidGame\SquidGame.vcxproj", "{42F5CB17-F570-4F8B-8C8E-DB4922B02DAA}"
EndProject
Global
	GlobalSection(SolutionConfigurationPlatforms) = preSolution
		Debug|x64 = Debug|x64
		Debug|x86 = Debug|x86
		Release|x64 = Release|x64
		Release|x86 = Release|x86
	EndGlobalSection
	GlobalSection(ProjectConfigurationPlatforms) = postSolution
		{0FCB435A-C17F-44AA-A99F-DF8CE93F96EB}.Debug|x64.ActiveCfg = Debug|x64
		{0FCB435A-C17F-44AA-A99F-DF8CE93F96EB}.Debug|x64.Build.0 = Debug|x64
		{0FCB435A-C17F-44AA-A99F-DF8CE93F96EB}.Debug|x86.ActiveCfg = Debug|Win32
		{0FCB435A-C17F-44AA-A99F-DF8CE93F96EB}.Debug|x86.Build.0 = Debug|Win32
		{0FCB435A-C17F-44AA-A99F-DF8CE93F96EB}.Release|x64.ActiveCfg = Release|x64
		{0FCB435A-C17F-44AA-A99F-DF8CE93F96EB}.Release|x64.Build.0 = Release|x64
		{0FCB435A-C17F-44AA-A99F-DF8CE93F96EB}.Release|x86.ActiveCfg = Release|Win32
		{0FCB435A-C17F-44AA-A99F-DF8CE93F96EB}.Release|x86.Build.0 = Release|Win32
		{E1769D88-C90B-4A51-8955-E7BC9DE666E3}.Debug|x64.ActiveCfg = Debug|x64
		{E1769D88-C90B-4A51-8955-E7BC9DE666E3}.Debug|x64.Build.0 = Debug|x64
		{E1769D88-C90B-4A51-8955-E7BC9DE666E3}.Debug|x86.ActiveCfg = Debug|Win32
		{E1769D88-C90B-4A51-8955-E7BC9DE666E3}.Debug|x86.Build.0 = Debug|Win32
		{E1769D88-C90B-4A51-8955-E7BC9DE666E3}.Release|x64.ActiveCfg = Release|x64
		{E1769D88-C90B-4A51-8955-E7BC9DE666E3}.Release|x64.Build.0 = Release|x64
		{E1769D88-C90B-4A51-8955-E7BC9DE666E3}.Release|x86.ActiveCfg = Release|Win32
		{E1769D88-C90B-4A51-8955-E7BC9DE666E3}.Release|x86.Build.0 = Release|Win32
		{E33046AB-DC9E-45B6-992E-A519D698AB2E}.Debug|x64.ActiveCfg = Debug|x64
		{E33046AB-DC9E-45B6-992E-A519D698AB2E}.Debug|x64.Build.0 = Debug|x64
		{E33046AB-DC9E-45B6-992E-A519D698AB2E}.Debug|x86.ActiveCfg = Debug|Win32
		{E33046AB-DC9E-45B6-992E-A519D698AB2E}.Debug|x86.Build.0 = Debug|Win32
		{E33046AB-DC9E-45B6-992E-A519D698AB2E}.Release|x64.ActiveCfg = Release|x64
		{E33046AB-DC9E-45B6-992E-A519D698AB2E}.Release|x64.Build.0 = Release|x64
		{E33046AB-DC9E-45B6-992E-A519D698AB2E}.Release|x86.ActiveCfg = Release|Win32
		{E33046AB-DC9E-45B6-992E-A519D698AB2E}.Release|x86.Build.0 = Release|Win32
		{3E4ECC1D-9F81-469C-AC4C-BCFA8E72BFFC}.Debug|x64.ActiveCfg = Debug|x64
		{3E4ECC1D-9F81-469C-AC4C-BCFA8E72BFFC}.Debug|x64.Build.0 = Debug|x64
		{3E4ECC1D-9F81-469C-AC4C-BCFA8E72BFFC}.Debug|x86.ActiveCfg = Debug|Win32
		{3E4ECC1D-9F81-469C-AC4C-BCFA8E72BFFC}.Debug|x86.Build.0 = Debug|Win32
		{3E4ECC1D-9F81-469C-AC4C-BCFA8E72BFFC}.Release|x64.ActiveCfg = Release|x64
		{3E4ECC1D-9F81-469C-AC4C-BCFA8E72BFFC}.Release|x64.Build.0 = Release|x64
		{3E4ECC1D-9F81-469C-AC4C-BCFA8E72BFFC}.Release|x86.ActiveCfg = Release|Win32
		{3E4ECC1D-9F81-469C-AC4C-BCFA8E72BFFC}.Release|x86.Build.0 = Release|Win32
		{B3F31EDB-D5C8-47D7-98E3-08545260EF22}.Debug|x64.ActiveCfg = Debug|x64
		{B3F31EDB-D5C8-47D7-98E3-08545260EF22}.Debug|x64.Build.0 = Debug|x64
		{B3F31EDB-D5C8-47D7-98E3-08545260EF22}.Debug|x86.ActiveCfg = Debug|Win32
		{B3F31EDB-D5C8-47D7-98E3-08545260EF22}.Debug|x86.Build.0 = Debug|Win32
		{B3F31EDB-D5C8-47D7-98E3-08545260EF22}.Release|x64.ActiveCfg = Release|x64
		{B3F31EDB-D5C8-47D7-98E3-08545260EF22}.Release|x64.Build.0 = Release|x64
		{B3F31EDB-D5C8-47D7-98E3-08545260EF22}.Release|x86.ActiveCfg = Release|Win32
		{B3F31EDB-D5C8-47D7-98E3-08545260EF22}.Release|x86.Build.0 = Release|Win32
		{E7C15F42-0F2B-4BD8-A695-D0E53DD57CC8}.Debug|x64.ActiveCfg = Debug|x64
		{E7C15F42-0F2B-4BD8-A695-D0E53DD57CC8}.Debug|x64.Build.0 = Debug|x64
		{E7C15F42-0F2B-4BD8-A695-D0E53DD57CC8}.Debug|x86.ActiveCfg = Debug|Win32
		{E7C15F42-0F2B-4BD8-A695-D0E53DD57CC8}.Debug|x86.Build.0 = Debug|Win32
		{E7C15F42-0F2B-4BD8-A695-D0E53DD57CC8}.Release|x64.ActiveCfg = Release|x64
		{E7C15F42-0F2B-4BD8-A695-D0E53DD57CC8}.Release|x64.Build.0 = Release|x64
		{E7C15F42-0F2B-4BD8-A695-D0E53DD57CC8}.Release|x86.ActiveCfg = Release|Win32
		{E7C15F42-0F2B-4BD8-A695-D0E53DD57CC8}.Release|x86.Build.0 = Release|Win32
		{9744B15B-3B94-4E21-BF34-AEE6257C0C61}.Debug|x64.ActiveCfg = Debug|x64
		{9744B15B-3B94-4E21-BF34-AEE6257C0C61}.Debug|x64.Build.0 = Debug|x64
		{9744B15B-3B94-4E21-BF34-AEE6257C0C61}.Debug|x86.ActiveCfg = Debug|Win32
		{9744B15B-3B94-4E21-BF34-AEE6257C0C61}.Debug|x86.Build.0 = Debug|Win32
		{9744B15B-3B94-4E21-BF34-AEE6257C0C61}.Release|x64.ActiveCfg = Release|x64
		{9744B15B-3B94-4E21-BF34-AEE6257C0C61}.Release|x64.Build.0 = Release|x64
		{9744B15B-3B94-4E21-BF34-AEE6257C0C61}.Release|x86.ActiveCfg = Release|Win32
		{9744B15B-3B94-4E21-BF34-AEE6257C0C61}.Release|x86.Build.0 = Release|Win32
		{06FACDED-6364-4162-8FB3-17D7B952819E}.Debug|x64.ActiveCfg = Debug|x64
		{06FACDED-6364-4162-8FB3-17D7B952819E}.Debug|x64.Build.0 = Debug|x64
		{06FACDED-6364-4162-8FB3-17D7B952819E}.Debug|x86.ActiveCfg = Debug|Win32
		{06FACDED-6364-4162-8FB3-17D7B952819E}.Debug|x86.Build.0 = Debug|Win32
		{06FACDED-6364-4162-8FB3-17D7B952819E}.Release|x64.ActiveCfg = Release|x64
		{06FACDED-6364-4162-8FB3-17D7B952819E}.Release|x64.Build.0 = Release|x64
		{06FACDED-6364-4162-8FB3-17D7B952819E}.Release|x86.ActiveCfg = Release|Win32
		{06FACDED-6364-4162-8FB3-17D7B952819E}.Release|x86.Build.0 = Release|Win32
		{8DE1F490-4124-4AE1-8E2E-F60150B4B0FC}.Debug|x64.ActiveCfg = Debug|x64
		{8DE1F490-4124-4AE1-8E2E-F60150B4B0FC}.Debug|x64.Build.0 = Debug|x64
		{8DE1F490-4124-4AE1-8E2E-F60150B4B0FC}.Debug|x86.ActiveCfg = Debug|Win32
		{8DE1F490-4124-4AE1-8E2E-F60150B4B0FC}.Debug|x86.Build.0 = Debug|Win32
		{8DE1F490-4124-4AE1-8E2E-F60150B4B0FC}.Release|x64.ActiveCfg = Release|x64
		{8DE1F490-4124-4AE1-8E2E-F60150B4B0FC}.Release|x64.Build.0 = Release|x64
		{8DE1F490-4124-4AE1-8E2E-F60150B4B0FC}.Release|x86.ActiveCfg = Release|Win32
		{8DE1F490-4124-4AE1-8E2E-F60150B4B0FC}.Release|x86.Build.0 = Release|Win32
		{C7D0B2F8-7832-4384-A35C-9BADD63CDC7D}.Debug|x64.ActiveCfg = Debug|x64
		{C7D0B2F8-7832-4384-A35C-9BADD63CDC7D}.Debug|x64.Build.0 = Debug|x64
		{C7D0B2F8-7832-4384-A35C-9BADD63CDC7D}.Debug|x86.ActiveCfg = Debug|Win32
		{C7D0B2F8-7832-4384-A35C-9BADD63CDC7D}.Debug|x86.Build.0 = Debug|Win32
		{C7D0B2F8-7832-4384-A35C-9BADD63CDC7D}.Release|x64.ActiveCfg = Release|x64
		{C7D0B2F8-7832-4384-A35C-9BADD63CDC7D}.Release|x64.Build.0 = Release|x64
		{C7D0B2F8-7832-4384-A35C-9BADD63CDC7D}.Release|x86.ActiveCfg = Release|Win32
		{C7D0B2F8-7832-4384-A35C-9BADD63CDC7D}.Release|x86.Build.0 = Release|Win32
		{7B7B7771-28EB-4677-94F0-0A710534862D}.Debug|x64.ActiveCfg = Debug|x64
		{7B7B7771-28EB-4677-94F0-0A710534862D}.Debug|x64.Build.0 = Debug|x64
		{7B7B7771-28EB-4677-94F0-0A710534862D}.Debug|x86.ActiveCfg = Debug|Win32
		{7B7B7771-28EB-4677-94F0-0A710534862D}.Debug|x86.Build.0 = Debug|Win32
		{7B7B7771-28EB-4677-94F0-0A710534862D}.Release|x64.ActiveCfg = Release|x64
		{7B7B7771-28EB-4677-94F0-0A710534862D}.Release|x64.Build.0 = Release|x64
		{7B7B7771-28EB-4677-94F0-0A710534862D}.Release|x86.ActiveCfg = Release|Win32
		{7B7B7771-28EB-4677-94F0-0A710534862D}.Release|x86.Build.0 = Release|Win32
		{53FD2493-203B-4B11-AA7B-80DCDABF79A2}.Debug|x64.ActiveCfg = Debug|x64
		{53FD2493-203B-4B11-AA7B-80DCDABF79A2}.Debug|x64.Build.0 = Debug|x64
		{53FD2493-203B-4B11-AA7B-80DCDABF79A2}.Debug|x86.ActiveCfg = Debug|Win32
		{53FD2493-203B-4B11-AA7B-80DCDABF79A2}.Debug|x86.Build.0 = Debug|Win32
		{53FD2493-203B-4B11-AA7B-80DCDABF79A2}.Release|x64.ActiveCfg = Release|x64
		{53FD2493-203B-4B11-AA7B-80DCDABF79A2}.Release|x64.Build.0 = Release|x64
		{53FD2493-203B-4B11-AA7B-80DCDABF79A2}.Release|x86.ActiveCfg = Release|Win32
		{53FD2493-203B-4B11-AA7B-80DCDABF79A2}.Release|x86.Build.0 = Release|Win32
		{3973D2B9-025F-463C-93FA-7489D0FE33FB}.Debug|x64.ActiveCfg = Debug|x64
		{3973D2B9-025F-463C-93FA-7489D0FE33FB}.Debug|x64.Build.0 = Debug|x64
		{3973D2B9-025F-463C-93FA-7489D0FE33FB}.Debug|x86.ActiveCfg = Debug|Win32
		{3973D2B9-025F-463C-93FA-7489D0FE33FB}.Debug|x86.Build.0 = Debug|Win32
		{3973D2B9-025F-463C-93FA-7489D0FE33FB}.Release|x64.ActiveCfg = Release|x64
		{3973D2B9-025F-463C-93FA-7489D0FE33FB}.Release|x64.Build.0 = Release|x64
		{3973D2B9-025F-463C-93FA-7489D0FE33FB}.Release|x86.ActiveCfg = Release|Win32
		{3973D2B9-025F-463C-93FA-7489D0FE33FB}.Release|x86.Build.0 = Release|Win32
		{62DC858F-0B21-484C-B4B2-267A4A3BE251}.Debug|x64.ActiveCfg = Debug|x64
		{62DC858F-0B21-484C-B4B2-267A4A3BE251}.Debug|x64.Build.0 = Debug|x64
		{62DC858F-0B21-484C-B4B2-267A4A3BE251}.Debug|x86.ActiveCfg = Debug|Win32
		{62DC858F-0B21-484C-B4B2-267A4A3BE251}.Debug|x86.Build.0 = Debug|Win32
		{62DC858F-0B21-484C-B4B2-267A4A3BE251}.Release|x64.ActiveCfg = Release|x64
		{62DC858F-0B21-484C-B4B2-267A4A3BE251}.Release|x64.Build.0 = Release|x64
		{62DC858F-0B21-484C-B4B2-267A4A3BE251}.Release|x86.ActiveCfg = Release|Win32
		{62DC858F-0B21-484C-B4B2-267A4A3BE251}.Release|x86.Build.0 = Release|Win32
		{1D1F3537-0236-45BF-8FE4-0FEAE18166C1}.Debug|x64.ActiveCfg = Debug|x64
		{1D1F3537-0236-45BF-8FE4-0FEAE18166C1}.Debug|x64.Build.0 = Debug|x64
		{1D1F3537-0236-45BF-8FE4-0FEAE18166C1}.Debug|x86.ActiveCfg = Debug|Win32
		{1D1F3537-0236-45BF-8FE4-0FEAE18166C1}.Debug|x86.Build.0 = Debug|Win32
		{1D1F3537-0236-45BF-8FE4-0FEAE18166C1}.Release|x64.ActiveCfg = Release|x64
		{1D1F3537-0236-45BF-8FE4-0FEAE18166C1}.Release|x64.Build.0 = Release|x64
		{1D1F3537-0236-45BF-8FE4-0FEAE18166C1}.Release|x86.ActiveCfg = Release|Win32
		{1D1F3537-0236-45BF-8FE4-0FEAE18166C1}.Release|x86.Build.0 = Release|Win32
		{F2B21107-AB2F-4E65-9796-0D04251E61C3}.Debug|x64.ActiveCfg = Debug|x64
		{F2B21107-AB2F-4E65-9796-0D04251E61C3}.Debug|x64.Build.0 = Debug|x64
		{F2B21107-AB2F-4E65-9796-0D04251E61C3}.Debug|x86.ActiveCfg = Debug|Win32
		{F2B21107-AB2F-4E65-9796-0D04251E61C3}.Debug|x86.Build.0 = Debug|Win32
		{F2B21107-AB2F-4E65-9796-0D04251E61C3}.Release|x64.ActiveCfg = Release|x64
		{F2B21107-AB2F-4E65-9796-0D04251E61C3}.Release|x64.Build.0 = Release|x64
		{F2B21107-AB2F-4E65-9796-0D04251E61C3}.Release|x86.ActiveCfg = Release|Win32
		{F2B21107-AB2F-4E65-9796-0D04251E61C3}.Release|x86.Build.0 = Release|Win32
		{E467C0AD-4567-4450-A9DD-C83BA7937BA4}.Debug|x64.ActiveCfg = Debug|x64
		{E467C0AD-4567-4450-A9DD-C83BA7937BA4}.Debug|x64.Build.0 = Debug|x64
		{E467C0AD-4567-4450-A9DD-C83BA7937BA4}.Debug|x86.ActiveCfg = Debug|Win32
		{E467C0AD-4567-4450-A9DD-C83BA7937BA4}.Debug|x86.Build.0 = Debug|Win32
		{E467C0AD-4567-4450-A9DD-C83BA7937BA4}.Release|x64.ActiveCfg = Release|x64
		{E467C0AD-4567-4450-A9DD-C83BA7937BA4}.Release|x64.Build.0 = Release|x64
		{E467C0AD-4567-4450-A9DD-C83BA7937BA4}.Release|x86.ActiveCfg = Release|Win32
		{E467C0AD-4567-4450-A9DD-C83BA7937BA4}.Release|x86.Build.0 = Release|Win32
		{57DF2417-B542-42BA-86EC-93ED7C10746B}.Debug|x64.ActiveCfg = Debug|x64
		{57DF2417-B542-42BA-86EC-93ED7C10746B}.Debug|x64.Build.0 = Debug|x64
		{57DF2417-B542-42BA-86EC-93ED7C10746B}.Debug|x86.ActiveCfg = Debug|Win32
		{57DF2417-B542-42BA-86EC-93ED7C10746B}.Debug|x86.Build.0 = Debug|Win32
		{57DF2417-B542-42BA-86EC-93ED7C10746B}.Release|x64.ActiveCfg = Release|x64
		{57DF2417-B542-42BA-86EC-93ED7C10746B}.Release|x64.Build.0 = Release|x64
		{57DF2417-B542-42BA-86EC-93ED7C10746B}.Release|x86.ActiveCfg = Release|Win32
		{57DF2417-B542-42BA-86EC-93ED7C10746B}.Release|x86.Build.0 = Release|Win32
		{6C340AE6-FFD7-47B3-A01D-66F4EDFFBA56}.Debug|x64.ActiveCfg = Debug|x64
		{6C340AE6-FFD7-47B3-A01D-66F4EDFFBA56}.Debug|x64.Build.0 = Debug|x64
		{6C340AE6-FFD7-47B3-A01D-66F4EDFFBA56}.Debug|x86.ActiveCfg = Debug|Win32
		{6C340AE6-FFD7-47B3-A01D-66F4EDFFBA56}.Debug|x86.Build.0 = Debug|Win32
		{6C340AE6-FFD7-47B3-A01D-66F4EDFFBA56}.Release|x64.ActiveCfg = Release|x64
		{6C340AE6-FFD7-47B3-A01D-66F4EDFFBA56}.Release|x64.Build.0 = Release|x64
		{6C340AE6-FFD7-47B3-A01D-66F4EDFFBA56}.Release|x86.ActiveCfg = Release|Win32
		{6C340AE6-FFD7-47B3-A01D-66F4EDFFBA56}.Release|x86.Build.0 = Release|Win32
		{5171116F-0001-4F9A-AEA7-C8C0A6A3D897}.Debug|x64.ActiveCfg = Debug|x64
		{5171116F-0001-4F9A-AEA7-C8C0A6A3D897}.Debug|x64.Build.0 = Debug|x64
		{5171116F-0001-4F9A-AEA7-C8C0A6A3D897}.Debug|x86.ActiveCfg = Debug|Win32
		{5171116F-0001-4F9A-AEA7-C8C0A6A3D897}.Debug|x86.Build.0 = Debug|Win32
		{5171116F-0001-4F9A-AEA7-C8C0A6A3D897}.Release|x64.ActiveCfg = Release|x64
		{5171116F-0001-4F9A-AEA7-C8C0A6A3D897}.Release|x64.Build.0 = Release|x64
		{5171116F-0001-4F9A-AEA7-C8C0A6A3D897}.Release|x86.ActiveCfg = Release|Win32
		{5171116F-0001-4F9A-AEA7-C8C0A6A3D897}.Release|x86.Build.0 = Release|Win32
		{A7E1BA9B-0DF5-4457-B96C-4BD457D823C8}.Debug|x64.ActiveCfg = Debug|x64
		{A7E1BA9B-0DF5-4457-B96C-4BD457D823C8}.Debug|x64.Build.0 = Debug|x64
		{A7E1BA9B-0DF5-4457-B96C-4BD457D823C8}.Debug|x86.ActiveCfg = Debug|Win32
		{A7E1BA9B-0DF5-4457-B96C-4BD457D823C8}.Debug|x86.Build.0 = Debug|Win32
		{A7E1BA9B-0DF5-4457-B96C-4BD457D823C8}.Release|x64.ActiveCfg = Release|x64
		{A7E1BA9B-0DF5-4457-B96C-4BD457D823C8}.Release|x64.Build.0 = Release|x64
		{A7E1BA9B-0DF5-4457-B96C-4BD457D823C8}.Release|x86.ActiveCfg = Release|Win32
		{A7E1BA9B-0DF5-4457-B96C-4BD457D823C8}.Release|x86.Build.0 = Release|Win32
		{10042182-78D8-4D1E-BE97-CC54DEC24D03}.Debug|x64.ActiveCfg = Debug|x64
		{10042182-78D8-4D1E-BE97-CC54DEC24D03}.Debug|x64.Build.0 = Debug|x64
		{10042182-78D8-4D1E-BE97-CC54DEC24D03}.Debug|x86.ActiveCfg = Debug|Win32
		{10042182-78D8-4D1E-BE97-CC54DEC24D03}.Debug|x86.Build.0 = Debug|Win32
		{10042182-78D8-4D1E-BE97-CC54DEC24D03}.Release|x64.ActiveCfg = Release|x64
		{10042182-78D8-4D1E-BE97-CC54DEC24D03}.Release|x64.Build.0 = Release|x64
		{10042182-78D8-4D1E-BE97-CC54DEC24D03}.Release|x86.ActiveCfg = Release|Win32
		{10042182-78D8-4D1E-BE97-CC54DEC24D03}.Release|x86.Build.0 = Release|Win32
		{C086FE82-B94D-46D1-A397-3ACCE6BF990D}.Debug|x64.ActiveCfg = Debug|x64
		{C086FE82-B94D-46D1-A397-3ACCE6BF990D}.Debug|x64.Build.0 = Debug|x64
		{C086FE82-B94D-46D1-A397-3ACCE6BF990D}.Debug|x86.ActiveCfg = Debug|Win32
		{C086FE82-B94D-46D1-A397-3ACCE6BF990D}.Debug|x86.Build.0 = Debug|Win32
		{C086FE82-B94D-46D1-A397-3ACCE6BF990D}.Release|x64.ActiveCfg = Release|x64
		{C086FE82-B94D-46D1-A397-3ACCE6BF990D}.Release|x64.Build.0 = Release|x64
		{C086FE82-B94D-46D1-A397-3ACCE6BF990D}.Release|x86.ActiveCfg = Release|Win32
		{C086FE82-B94D-46D1-A397-3ACCE6BF990D}.Release|x86.Build.0 = Release|Win32
		{6AA1FCFC-C4A9-40A9-A561-78205DDC2C4E}.Debug|x64.ActiveCfg = Debug|x64
		{6AA1FCFC-C4A9-40A9-A561-78205DDC2C4E}.Debug|x64.Build.0 = Debug|x64
		{6AA1FCFC-C4A9-40A9-A561-78205DDC2C4E}.Debug|x86.ActiveCfg = Debug|Win32
		{6AA1FCFC-C4A9-40A9-A561-78205DDC2C4E}.Debug|x86.Build.0 = Debug|Win32
		{6AA1FCFC-C4A9-40A9-A561-78205DDC2C4E}.Release|x64.ActiveCfg = Release|x64
		{6AA1FCFC-C4A9-40A9-A561-78205DDC2C4E}.Release|x64.Build.0 = Release|x64
		{6AA1FCFC-C4A9-40A9-A561-78205DDC2C4E}.Release|x86.ActiveCfg = Release|Win32
		{6AA1FCFC-C4A9-40A9-A561-78205DDC2C4E}.Release|x86.Build.0 = Release|Win32
		{44C7134B-E7F7-403E-97BE-7D405D7B8137}.Debug|x64.ActiveCfg = Debug|x64
		{44C7134B-E7F7-403E-97BE-7D405D7B8137}.Debug|x64.Build.0 = Debug|x64
		{44C7134B-E7F7-403E-97BE-7D405D7B8137}.Debug|x86.ActiveCfg = Debug|Win32
		{44C7134B-E7F7-403E-97BE-7D405D7B8137}.Debug|x86.Build.0 = Debug|Win32
		{44C7134B-E7F7-403E-97BE-7D405D7B8137}.Release|x64.ActiveCfg = Release|x64
		{44C7134B-E7F7-403E-97BE-7D405D7B8137}.Release|x64.Build.0 = Release|x64
		{44C7134B-E7F7-403E-97BE-7D405D7B8137}.Release|x86.ActiveCfg = Release|Win32
		{44C7134B-E7F7-403E-97BE-7D405D7B8137}.Release|x86.Build.0 = Release|Win32
		{26396190-B537-4A56-A986-2CB6B81CCEAD}.Debug|x64.ActiveCfg = Debug|x64
		{26396190-B537-4A56-A986-2CB6B81CCEAD}.Debug|x64.Build.0 = Debug|x64
		{26396190-B537-4A56-A986-2CB6B81CCEAD}.Debug|x86.ActiveCfg = Debug|Win32
		{26396190-B537-4A56-A986-2CB6B81CCEAD}.Debug|x86.Build.0 = Debug|Win32
		{26396190-B537-4A56-A986-2CB6B81CCEAD}.Release|x64.ActiveCfg = Release|x64
		{26396190-B537-4A56-A986-2CB6B81CCEAD}.Release|x64.Build.0 = Release|x64
		{26396190-B537-4A56-A986-2CB6B81CCEAD}.Release|x86.ActiveCfg = Release|Win32
		{26396190-B537-4A56-A986-2CB6B81CCEAD}.Release|x86.Build.0 = Release|Win32
		{4C68A18C-512E-4B69-9259-CB3815D4D0F4}.Debug|x64.ActiveCfg = Debug|x64
		{4C68A18C-512E-4B69-9259-CB3815D4D0F4}.Debug|x64.Build.0 = Debug|x64
		{4C68A18C-512E-4B69-9259-CB3815D4D0F4}.Debug|x86.ActiveCfg = Debug|Win32
		{4C68A18C-512E-4B69-9259-CB3815D4D0F4}.Debug|x86.Build.0 = Debug|Win32
		{4C68A18C-512E-4B69-9259-CB3815D4D0F4}.Release|x64.ActiveCfg = Release|x64
		{4C68A18C-512E-4B69-9259-CB3815D4D0F4}.Release|x64.Build.0 = Release|x64
		{4C68A18C-512E-4B69-9259-CB3815D4D0F4}.Release|x86.ActiveCfg = Release|Win32
		{4C68A18C-512E-4B69-9259-CB3815D4D0F4}.Release|x86.Build.0 = Release|Win32
		{4E6F2FE7-89CE-4A8D-A44F-F999B050E36B}.Debug|x64.ActiveCfg = Debug|x64
		{4E6F2FE7-89CE-4A8D-A44F-F999B050E36B}.Debug|x64.Build.0 = Debug|x64
		{4E6F2FE7-89CE-4A8D-A44F-F999B050E36B}.Debug|x86.ActiveCfg = Debug|Win32
		{4E6F2FE7-89CE-4A8D-A44F-F999B050E36B}.Debug|x86.Build.0 = Debug|Win32
		{4E6F2FE7-89CE-4A8D-A44F-F999B050E36B}.Release|x64.ActiveCfg = Release|x64
		{4E6F2FE7-89CE-4A8D-A44F-F999B050E36B}.Release|x64.Build.0 = Release|x64
		{4E6F2FE7-89CE-4A8D-A44F-F999B050E36B}.Release|x86.ActiveCfg = Release|Win32
		{4E6F2FE7-89CE-4A8D-A44F-F999B050E36B}.Release|x86.Build.0 = Release|Win32
		{8C640932-FE09-47A6-9B39-7C5AB54AB39C}.Debug|x64.ActiveCfg = Debug|x64
		{8C640932-FE09-47A6-9B39-7C5AB54AB39C}.Debug|x64.Build.0 = Debug|x64
		{8C640932-FE09-47A6-9B39-7C5AB54AB39C}.Debug|x86.ActiveCfg = Debug|Win32
		{8C640932-FE09-47A6-9B39-7C5AB54AB39C}.Debug|x86.Build.0 = Debug|Win32
		{8C640932-FE09-47A6-9B39-7C5AB54AB39C}.Release|x64.ActiveCfg = Release|x64
		{8C640932-FE09-47A6-9B39-7C5AB54AB39C}.Release|x64.Build.0 = Release|x64
		{8C640932-FE09-47A6-9B39-7C5AB54AB39C}.Release|x86.ActiveCfg = Release|Win32
		{8C640932-FE09-47A6-9B39-7C5AB54AB39C}.Release|x86.Build.0 = Release|Win32
		{B4585546-24D1-4F18-89B6-B410F526531F}.Debug|x64.ActiveCfg = Debug|x64
		{B4585546-24D1-4F18-89B6-B410F526531F}.Debug|x64.Build.0 = Debug|x64
		{B4585546-24D1-4F18-89B6-B410F526531F}.Debug|x86.ActiveCfg = Debug|Win32
		{B4585546-24D1-4F18-89B6-B410F526531F}.Debug|x86.Build.0 = Debug|Win32
		{B4585546-24D1-4F18-89B6-B410F526531F}.Release|x64.ActiveCfg = Release|x64
		{B4585546-24D1-4F18-89B6-B410F526531F}.Release|x64.Build.0 = Release|x64
		{B4585546-24D1-4F18-89B6-B410F526531F}.Release|x86.ActiveCfg = Release|Win32
		{B4585546-24D1-4F18-89B6-B410F526531F}.Release|x86.Build.0 = Release|Win32
		{5189C86A-6E3D-4D64-82BB-5731F76E4A2B}.Debug|x64.ActiveCfg = Debug|x64
		{5189C86A-6E3D-4D64-82BB-5731F76E4A2B}.Debug|x64.Build.0 = Debug|x64
		{5189C86A-6E3D-4D64-82BB-5731F76E4A2B}.Debug|x86.ActiveCfg = Debug|Win32
		{5189C86A-6E3D-4D64-82BB-5731F76E4A2B}.Debug|x86.Build.0 = Debug|Win32
		{5189C86A-6E3D-4D64-82BB-5731F76E4A2B}.Release|x64.ActiveCfg = Release|x64
		{5189C86A-6E3D-4D64-82BB-5731F76E4A2B}.Release|x64.Build.0 = Release|x64
		{5189C86A-6E3D-4D64-82BB-5731F76E4A2B}.Release|x86.ActiveCfg = Release|Win32
		{5189C86A-6E3D-4D64-82BB-5731F76E4A2B}.Release|x86.Build.0 = Release|Win32
		{7E6E4C56-A34D-4176-A917-3DCC2BEA57E2}.Debug|x64.ActiveCfg = Debug|x64
		{7E6E4C56-A34D-4176-A917-3DCC2BEA57E2}.Debug|x64.Build.0 = Debug|x64
		{7E6E4C56-A34D-4176-A917-3DCC2BEA57E2}.Debug|x86.ActiveCfg = Debug|Win32
		{7E6E4C56-A34D-4176-A917-3DCC2BEA57E2}.Debug|x86.Build.0 = Debug|Win32
		{7E6E4C56-A34D-4176-A917-3DCC2BEA57E2}.Release|x64.ActiveCfg = Release|x64
		{7E6E4C56-A34D-4176-A917-3DCC2BEA57E2}.Release|x64.Build.0 = Release|x64
		{7E6E4C56-A34D-4176-A917-3DCC2BEA57E2}.Release|x86.ActiveCfg = Release|Win32
		{7E6E4C56-A34D-4176-A917-3DCC2BEA57E2}.Release|x86.Build.0 = Release|Win32
		{F0DE7145-1369-4B5A-B87C-291FE2434075}.Debug|x64.ActiveCfg = Debug|x64
		{F0DE7145-1369-4B5A-B87C-291FE2434075}.Debug|x64.Build.0 = Debug|x64
		{F0DE7145-1369-4B5A-B87C-291FE2434075}.Debug|x86.ActiveCfg = Debug|Win32
		{F0DE7145-1369-4B5A-B87C-291FE2434075}.Debug|x86.Build.0 = Debug|Win32
		{F0DE7145-1369-4B5A-B87C-291FE2434075}.Release|x64.ActiveCfg = Release|x64
		{F0DE7145-1369-4B5A-B87C-291FE2434075}.Release|x64.Build.0 = Release|x64
		{F0DE7145-1369-4B5A-B87C-291FE2434075}.Release|x86.ActiveCfg = Release|Win32
		{F0DE7145-1369-4B5A-B87C-291FE2434075}.Release|x86.Build.0 = Release|Win32
		{E668452B-4D6D-40C3-8686-9E186BDFCF92}.Debug|x64.ActiveCfg = Debug|x64
		{E668452B-4D6D-40C3-8686-9E186BDFCF92}.Debug|x64.Build.0 = Debug|x64
		{E668452B-4D6D-40C3-8686-9E186BDFCF92}.Debug|x86.ActiveCfg = Debug|Win32
		{E668452B-4D6D-40C3-8686-9E186BDFCF92}.Debug|x86.Build.0 = Debug|Win32
		{E668452B-4D6D-40C3-8686-9E186BDFCF92}.Release|x64.ActiveCfg = Release|x64
		{E668452B-4D6D-40C3-8686-9E186BDFCF92}.Release|x64.Build.0 = Release|x64
		{E668452B-4D6D-40C3-8686-9E186BDFCF92}.Release|x86.ActiveCfg = Release|Win32
		{E668452B-4D6D-40C3-8686-9E186BDFCF92}.Release|x86.Build.0 = Release|Win32
		{6CC208E1-8DD7-4776-8E07-00760FC90993}.Debug|x64.ActiveCfg = Debug|x64
		{6CC208E1-8DD7-4776-8E07-00760FC90993}.Debug|x64.Build.0 = Debug|x64
		{6CC208E1-8DD7-4776-8E07-00760FC90993}.Debug|x86.ActiveCfg = Debug|Win32
		{6CC208E1-8DD7-4776-8E07-00760FC90993}.Debug|x86.Build.0 = Debug|Win32
		{6CC208E1-8DD7-4776-8E07-00760FC90993}.Release|x64.ActiveCfg = Release|x64
		{6CC208E1-8DD7-4776-8E07-00760FC90993}.Release|x64.Build.0 = Release|x64
		{6CC208E1-8DD7-4776-8E07-00760FC90993}.Release|x86.ActiveCfg = Release|Win32
		{6CC208E1-8DD7-4776-8E07-00760FC90993}.Release|x86.Build.0 = Release|Win32
		{37289289-F99B-48E3-96A1-0ABE74955656}.Debug|x64.ActiveCfg = Debug|x64
		{37289289-F99B-48E3-96A1-0ABE74955656}.Debug|x64.Build.0 = Debug|x64
		{37289289-F99B-48E3-96A1-0ABE74955656}.Debug|x86.ActiveCfg = Debug|Win32
		{37289289-F99B-48E3-96A1-0ABE74955656}.Debug|x86.Build.0 = Debug|Win32
		{37289289-F99B-48E3-96A1-0ABE74955656}.Release|x64.ActiveCfg = Release|x64
		{37289289-F99B-48E3-96A1-0ABE74955656}.Release|x64.Build.0 = Release|x64
		{37289289-F99B-48E3-96A1-0ABE74955656}.Release|x86.ActiveCfg = Release|Win32
		{37289289-F99B-48E3-96A1-0ABE74955656}.Release|x86.Build.0 = Release|Win32
		{D01939AA-5870-4B16-9242-23CD8C842189}.Debug|x64.ActiveCfg = Debug|x64
		{D01939AA-5870-4B16-9242-23CD8C842189}.Debug|x64.Build.0 = Debug|x64
		{D01939AA-5870-4B16-9242-23CD8C842189}.Debug|x86.ActiveCfg = Debug|Win32
		{D01939AA-5870-4B16-9242-23CD8C842189}.Debug|x86.Build.0 = Debug|Win32
		{D01939AA-5870-4B16-9242-23CD8C842189}.Release|x64.ActiveCfg = Release|x64
		{D01939AA-5870-4B16-9242-23CD8C842189}.Release|x64.Build.0 = Release|x64
		{D01939AA-5870-4B16-9242-23CD8C842189}.Release|x86.ActiveCfg = Release|Win32
		{D01939AA-5870-4B16-9242-23CD8C842189}.Release|x86.Build.0 = Release|Win32
		{77A4647B-034D-4FB0-BD82-CA158312C1B7}.Debug|x64.ActiveCfg = Debug|x64
		{77A4647B-034D-4FB0-BD82-CA158312C1B7}.Debug|x64.Build.0 = Debug|x64
		{77A4647B-034D-4FB0-BD82-CA158312C1B7}.Debug|x86.ActiveCfg = Debug|Win32
		{77A4647B-034D-4FB0-BD82-CA158312C1B7}.Debug|x86.Build.0 = Debug|Win32
		{77A4647B-034D-4FB0-BD82-CA158312C1B7}.Release|x64.ActiveCfg = Release|x64
		{77A4647B-034D-4FB0-BD82-CA158312C1B7}.Release|x64.Build.0 = Release|x64
		{77A4647B-034D-4FB0-BD82-CA158312C1B7}.Release|x86.ActiveCfg = Release|Win32
		{77A4647B-034D-4FB0-BD82-CA158312C1B7}.Release|x86.Build.0 = Release|Win32
		{758DB7E5-9851-4EB2-A3C0-EB52014FB825}.Debug|x64.ActiveCfg = Debug|x64
		{758DB7E5-9851-4EB2-A3C0-EB52014FB825}.Debug|x64.Build.0 = Debug|x64
		{758DB7E5-9851-4EB2-A3C0-EB52014FB825}.Debug|x86.ActiveCfg = Debug|Win32
		{758DB7E5-9851-4EB2-A3C0-EB52014FB825}.Debug|x86.Build.0 = Debug|Win32
		{758DB7E5-9851-4EB2-A3C0-EB52014FB825}.Release|x64.ActiveCfg = Release|x64
		{758DB7E5-9851-4EB2-A3C0-EB52014FB825}.Release|x64.Build.0 = Release|x64
		{758DB7E5-9851-4EB2-A3C0-EB52014FB825}.Release|x86.ActiveCfg = Release|Win32
		{758DB7E5-9851-4EB2-A3C0-EB52014FB825}.Release|x86.Build.0 = Release|Win32
		{42F5CB17-F570-4F8B-8C8E-DB4922B02DAA}.Debug|x64.ActiveCfg = Debug|x64
		{42F5CB17-F570-4F8B-8C8E-DB4922B02DAA}.Debug|x64.Build.0 = Debug|x64
		{42F5CB17-F570-4F8B-8C8E-DB4922B02DAA}.Debug|x86.ActiveCfg = Debug|Win32
		{42F5CB17-F570-4F8B-8C8E-DB4922B02DAA}.Debug|x86.Build.0 = Debug|Win32
		{42F5CB17-F570-4F8B-8C8E-DB4922B02DAA}.Release|x64.ActiveCfg = Release|x64
		{42F5CB17-F570-4F8B-8C8E-DB4922B02DAA}.Release|x64.Build.0 = Release|x64
		{42F5CB17-F570-4F8B-8C8E-DB4922B02DAA}.Release|x86.ActiveCfg = Release|Win32
		{42F5CB17-F570-4F8B-8C8E-DB4922B02DAA}.Release|x86.Build.0 = Release|Win32
	EndGlobalSection
	GlobalSection(SolutionProperties) = preSolution
		HideSolutionNode = FALSE
	EndGlobalSection
	GlobalSection(ExtensibilityGlobals) = postSolution
		SolutionGuid = {CF158F90-0994-4400-9FE6-204A1BDFB9A8}
	EndGlobalSection
EndGlobal
