
Microsoft Visual Studio Solution File, Format Version 12.00
# Visual Studio Version 17
VisualStudioVersion = 17.3.32901.215
MinimumVisualStudioVersion = 10.0.40219.1
Project("{8BC9CEB8-8B4A-11D0-8D11-00A0C91BC942}") = "testbed", "testbed\testbed.vcxproj", "{0FCB435A-C17F-44AA-A99F-DF8CE93F96EB}"
EndProject
Project("{8BC9CEB8-8B4A-11D0-8D11-00A0C91BC942}") = "console", "console\console.vcxproj", "{E1769D88-C90B-4A51-8955-E7BC9DE666E3}"
EndProject
Project("{8BC9CEB8-8B4A-11D0-8D11-00A0C91BC942}") = "Breakout", "Breakout\Breakout.vcxproj", "{341B0BFC-108B-4F77-8E4B-C0CCBED71C9C}"
EndProject
Project("{8BC9CEB8-8B4A-11D0-8D11-00A0C91BC942}") = "Tetris", "Tetris\Tetris.vcxproj", "{EBA18AA6-E1C9-4695-B1CB-03F7FB85BA8A}"
EndProject
Project("{8BC9CEB8-8B4A-11D0-8D11-00A0C91BC942}") = "Gomoku", "Gomoku\Gomoku.vcxproj", "{E33046AB-DC9E-45B6-992E-A519D698AB2E}"
EndProject
Project("{8BC9CEB8-8B4A-11D0-8D11-00A0C91BC942}") = "Rider", "Rider\Rider.vcxproj", "{9B358648-9333-4DAC-9FA1-AE0E8675D071}"
EndProject
Project("{8BC9CEB8-8B4A-11D0-8D11-00A0C91BC942}") = "Swipe", "Swipe\Swipe.vcxproj", "{9514643A-73CB-4F44-83D8-35B81B9ABFD6}"
EndProject
Project("{8BC9CEB8-8B4A-11D0-8D11-00A0C91BC942}") = "Alkagi", "Alkagi\Alkagi.vcxproj", "{E72328AD-D235-4E75-9ADF-73F8E4C4B491}"
EndProject
Project("{8BC9CEB8-8B4A-11D0-8D11-00A0C91BC942}") = "FlappyBird", "FlappyBird\FlappyBird.vcxproj", "{43AC65A0-9C08-4601-8E86-BA5F88ED9F76}"
EndProject
Project("{8BC9CEB8-8B4A-11D0-8D11-00A0C91BC942}") = "Hockey", "Hockey\Hockey.vcxproj", "{C481E60A-79C7-41E2-B62D-E17B3C464E66}"
EndProject
Project("{8BC9CEB8-8B4A-11D0-8D11-00A0C91BC942}") = "TankHero", "TankHero\TankHero.vcxproj", "{84A63E38-A138-4367-BDC8-547EA74B2AAD}"
EndProject
Project("{8BC9CEB8-8B4A-11D0-8D11-00A0C91BC942}") = "CrazyArcade", "CrazyArcade\CrazyArcade.vcxproj", "{3D4BF808-CBC6-4D10-AD87-EADCBA971183}"
EndProject
Project("{8BC9CEB8-8B4A-11D0-8D11-00A0C91BC942}") = "Asteroid", "Asteroid\Asteroid.vcxproj", "{636BF767-8921-490B-9574-E01F402DFD6E}"
EndProject
Project("{8BC9CEB8-8B4A-11D0-8D11-00A0C91BC942}") = "Shadertoy", "Shadertoy\Shadertoy.vcxproj", "{7C37C350-F7FA-4AF7-B53F-BB3472FB55FF}"
EndProject
Project("{8BC9CEB8-8B4A-11D0-8D11-00A0C91BC942}") = "ModelViewer", "ModelViewer\ModelViewer.vcxproj", "{4B57E3DB-31CC-4F2F-AC7B-776B39C90899}"
EndProject
Project("{8BC9CEB8-8B4A-11D0-8D11-00A0C91BC942}") = "VoxelArt", "VoxelArt\VoxelArt.vcxproj", "{ACDACC2E-497C-4CD3-9A96-802A67DF5A9F}"
EndProject
Project("{8BC9CEB8-8B4A-11D0-8D11-00A0C91BC942}") = "PresentationMaker", "PresentationMaker\PresentationMaker.vcxproj", "{F6FFF49E-9374-4DD3-BCDF-19B9833FC0E2}"
EndProject
Project("{8BC9CEB8-8B4A-11D0-8D11-00A0C91BC942}") = "MapEditor", "MapEditor\MapEditor.vcxproj", "{39470295-4EB1-436D-AA7D-CE5216213E65}"
EndProject
Global
	GlobalSection(SolutionConfigurationPlatforms) = preSolution
		Debug|x64 = Debug|x64
		Debug|x86 = Debug|x86
		Release|x64 = Release|x64
		Release|x86 = Release|x86
	EndGlobalSection
	GlobalSection(ProjectConfigurationPlatforms) = postSolution
		{0FCB435A-C17F-44AA-A99F-DF8CE93F96EB}.Debug|x64.ActiveCfg = Debug|x64
		{0FCB435A-C17F-44AA-A99F-DF8CE93F96EB}.Debug|x64.Build.0 = Debug|x64
		{0FCB435A-C17F-44AA-A99F-DF8CE93F96EB}.Debug|x86.ActiveCfg = Debug|Win32
		{0FCB435A-C17F-44AA-A99F-DF8CE93F96EB}.Debug|x86.Build.0 = Debug|Win32
		{0FCB435A-C17F-44AA-A99F-DF8CE93F96EB}.Release|x64.ActiveCfg = Release|x64
		{0FCB435A-C17F-44AA-A99F-DF8CE93F96EB}.Release|x64.Build.0 = Release|x64
		{0FCB435A-C17F-44AA-A99F-DF8CE93F96EB}.Release|x86.ActiveCfg = Release|Win32
		{0FCB435A-C17F-44AA-A99F-DF8CE93F96EB}.Release|x86.Build.0 = Release|Win32
		{E1769D88-C90B-4A51-8955-E7BC9DE666E3}.Debug|x64.ActiveCfg = Debug|x64
		{E1769D88-C90B-4A51-8955-E7BC9DE666E3}.Debug|x64.Build.0 = Debug|x64
		{E1769D88-C90B-4A51-8955-E7BC9DE666E3}.Debug|x86.ActiveCfg = Debug|Win32
		{E1769D88-C90B-4A51-8955-E7BC9DE666E3}.Debug|x86.Build.0 = Debug|Win32
		{E1769D88-C90B-4A51-8955-E7BC9DE666E3}.Release|x64.ActiveCfg = Release|x64
		{E1769D88-C90B-4A51-8955-E7BC9DE666E3}.Release|x64.Build.0 = Release|x64
		{E1769D88-C90B-4A51-8955-E7BC9DE666E3}.Release|x86.ActiveCfg = Release|Win32
		{E1769D88-C90B-4A51-8955-E7BC9DE666E3}.Release|x86.Build.0 = Release|Win32
		{341B0BFC-108B-4F77-8E4B-C0CCBED71C9C}.Debug|x64.ActiveCfg = Debug|x64
		{341B0BFC-108B-4F77-8E4B-C0CCBED71C9C}.Debug|x64.Build.0 = Debug|x64
		{341B0BFC-108B-4F77-8E4B-C0CCBED71C9C}.Debug|x86.ActiveCfg = Debug|Win32
		{341B0BFC-108B-4F77-8E4B-C0CCBED71C9C}.Debug|x86.Build.0 = Debug|Win32
		{341B0BFC-108B-4F77-8E4B-C0CCBED71C9C}.Release|x64.ActiveCfg = Release|x64
		{341B0BFC-108B-4F77-8E4B-C0CCBED71C9C}.Release|x64.Build.0 = Release|x64
		{341B0BFC-108B-4F77-8E4B-C0CCBED71C9C}.Release|x86.ActiveCfg = Release|Win32
		{341B0BFC-108B-4F77-8E4B-C0CCBED71C9C}.Release|x86.Build.0 = Release|Win32
		{EBA18AA6-E1C9-4695-B1CB-03F7FB85BA8A}.Debug|x64.ActiveCfg = Debug|x64
		{EBA18AA6-E1C9-4695-B1CB-03F7FB85BA8A}.Debug|x64.Build.0 = Debug|x64
		{EBA18AA6-E1C9-4695-B1CB-03F7FB85BA8A}.Debug|x86.ActiveCfg = Debug|Win32
		{EBA18AA6-E1C9-4695-B1CB-03F7FB85BA8A}.Debug|x86.Build.0 = Debug|Win32
		{EBA18AA6-E1C9-4695-B1CB-03F7FB85BA8A}.Release|x64.ActiveCfg = Release|x64
		{EBA18AA6-E1C9-4695-B1CB-03F7FB85BA8A}.Release|x64.Build.0 = Release|x64
		{EBA18AA6-E1C9-4695-B1CB-03F7FB85BA8A}.Release|x86.ActiveCfg = Release|Win32
		{EBA18AA6-E1C9-4695-B1CB-03F7FB85BA8A}.Release|x86.Build.0 = Release|Win32
		{E33046AB-DC9E-45B6-992E-A519D698AB2E}.Debug|x64.ActiveCfg = Debug|x64
		{E33046AB-DC9E-45B6-992E-A519D698AB2E}.Debug|x64.Build.0 = Debug|x64
		{E33046AB-DC9E-45B6-992E-A519D698AB2E}.Debug|x86.ActiveCfg = Debug|Win32
		{E33046AB-DC9E-45B6-992E-A519D698AB2E}.Debug|x86.Build.0 = Debug|Win32
		{E33046AB-DC9E-45B6-992E-A519D698AB2E}.Release|x64.ActiveCfg = Release|x64
		{E33046AB-DC9E-45B6-992E-A519D698AB2E}.Release|x64.Build.0 = Release|x64
		{E33046AB-DC9E-45B6-992E-A519D698AB2E}.Release|x86.ActiveCfg = Release|Win32
		{E33046AB-DC9E-45B6-992E-A519D698AB2E}.Release|x86.Build.0 = Release|Win32
		{9B358648-9333-4DAC-9FA1-AE0E8675D071}.Debug|x64.ActiveCfg = Debug|x64
		{9B358648-9333-4DAC-9FA1-AE0E8675D071}.Debug|x64.Build.0 = Debug|x64
		{9B358648-9333-4DAC-9FA1-AE0E8675D071}.Debug|x86.ActiveCfg = Debug|Win32
		{9B358648-9333-4DAC-9FA1-AE0E8675D071}.Debug|x86.Build.0 = Debug|Win32
		{9B358648-9333-4DAC-9FA1-AE0E8675D071}.Release|x64.ActiveCfg = Release|x64
		{9B358648-9333-4DAC-9FA1-AE0E8675D071}.Release|x64.Build.0 = Release|x64
		{9B358648-9333-4DAC-9FA1-AE0E8675D071}.Release|x86.ActiveCfg = Release|Win32
		{9B358648-9333-4DAC-9FA1-AE0E8675D071}.Release|x86.Build.0 = Release|Win32
		{9514643A-73CB-4F44-83D8-35B81B9ABFD6}.Debug|x64.ActiveCfg = Debug|x64
		{9514643A-73CB-4F44-83D8-35B81B9ABFD6}.Debug|x64.Build.0 = Debug|x64
		{9514643A-73CB-4F44-83D8-35B81B9ABFD6}.Debug|x86.ActiveCfg = Debug|Win32
		{9514643A-73CB-4F44-83D8-35B81B9ABFD6}.Debug|x86.Build.0 = Debug|Win32
		{9514643A-73CB-4F44-83D8-35B81B9ABFD6}.Release|x64.ActiveCfg = Release|x64
		{9514643A-73CB-4F44-83D8-35B81B9ABFD6}.Release|x64.Build.0 = Release|x64
		{9514643A-73CB-4F44-83D8-35B81B9ABFD6}.Release|x86.ActiveCfg = Release|Win32
		{9514643A-73CB-4F44-83D8-35B81B9ABFD6}.Release|x86.Build.0 = Release|Win32
		{E72328AD-D235-4E75-9ADF-73F8E4C4B491}.Debug|x64.ActiveCfg = Debug|x64
		{E72328AD-D235-4E75-9ADF-73F8E4C4B491}.Debug|x64.Build.0 = Debug|x64
		{E72328AD-D235-4E75-9ADF-73F8E4C4B491}.Debug|x86.ActiveCfg = Debug|Win32
		{E72328AD-D235-4E75-9ADF-73F8E4C4B491}.Debug|x86.Build.0 = Debug|Win32
		{E72328AD-D235-4E75-9ADF-73F8E4C4B491}.Release|x64.ActiveCfg = Release|x64
		{E72328AD-D235-4E75-9ADF-73F8E4C4B491}.Release|x64.Build.0 = Release|x64
		{E72328AD-D235-4E75-9ADF-73F8E4C4B491}.Release|x86.ActiveCfg = Release|Win32
		{E72328AD-D235-4E75-9ADF-73F8E4C4B491}.Release|x86.Build.0 = Release|Win32
		{43AC65A0-9C08-4601-8E86-BA5F88ED9F76}.Debug|x64.ActiveCfg = Debug|x64
		{43AC65A0-9C08-4601-8E86-BA5F88ED9F76}.Debug|x64.Build.0 = Debug|x64
		{43AC65A0-9C08-4601-8E86-BA5F88ED9F76}.Debug|x86.ActiveCfg = Debug|Win32
		{43AC65A0-9C08-4601-8E86-BA5F88ED9F76}.Debug|x86.Build.0 = Debug|Win32
		{43AC65A0-9C08-4601-8E86-BA5F88ED9F76}.Release|x64.ActiveCfg = Release|x64
		{43AC65A0-9C08-4601-8E86-BA5F88ED9F76}.Release|x64.Build.0 = Release|x64
		{43AC65A0-9C08-4601-8E86-BA5F88ED9F76}.Release|x86.ActiveCfg = Release|Win32
		{43AC65A0-9C08-4601-8E86-BA5F88ED9F76}.Release|x86.Build.0 = Release|Win32
		{C481E60A-79C7-41E2-B62D-E17B3C464E66}.Debug|x64.ActiveCfg = Debug|x64
		{C481E60A-79C7-41E2-B62D-E17B3C464E66}.Debug|x64.Build.0 = Debug|x64
		{C481E60A-79C7-41E2-B62D-E17B3C464E66}.Debug|x86.ActiveCfg = Debug|Win32
		{C481E60A-79C7-41E2-B62D-E17B3C464E66}.Debug|x86.Build.0 = Debug|Win32
		{C481E60A-79C7-41E2-B62D-E17B3C464E66}.Release|x64.ActiveCfg = Release|x64
		{C481E60A-79C7-41E2-B62D-E17B3C464E66}.Release|x64.Build.0 = Release|x64
		{C481E60A-79C7-41E2-B62D-E17B3C464E66}.Release|x86.ActiveCfg = Release|Win32
		{C481E60A-79C7-41E2-B62D-E17B3C464E66}.Release|x86.Build.0 = Release|Win32
		{84A63E38-A138-4367-BDC8-547EA74B2AAD}.Debug|x64.ActiveCfg = Debug|x64
		{84A63E38-A138-4367-BDC8-547EA74B2AAD}.Debug|x64.Build.0 = Debug|x64
		{84A63E38-A138-4367-BDC8-547EA74B2AAD}.Debug|x86.ActiveCfg = Debug|Win32
		{84A63E38-A138-4367-BDC8-547EA74B2AAD}.Debug|x86.Build.0 = Debug|Win32
		{84A63E38-A138-4367-BDC8-547EA74B2AAD}.Release|x64.ActiveCfg = Release|x64
		{84A63E38-A138-4367-BDC8-547EA74B2AAD}.Release|x64.Build.0 = Release|x64
		{84A63E38-A138-4367-BDC8-547EA74B2AAD}.Release|x86.ActiveCfg = Release|Win32
		{84A63E38-A138-4367-BDC8-547EA74B2AAD}.Release|x86.Build.0 = Release|Win32
		{3D4BF808-CBC6-4D10-AD87-EADCBA971183}.Debug|x64.ActiveCfg = Debug|x64
		{3D4BF808-CBC6-4D10-AD87-EADCBA971183}.Debug|x64.Build.0 = Debug|x64
		{3D4BF808-CBC6-4D10-AD87-EADCBA971183}.Debug|x86.ActiveCfg = Debug|Win32
		{3D4BF808-CBC6-4D10-AD87-EADCBA971183}.Debug|x86.Build.0 = Debug|Win32
		{3D4BF808-CBC6-4D10-AD87-EADCBA971183}.Release|x64.ActiveCfg = Release|x64
		{3D4BF808-CBC6-4D10-AD87-EADCBA971183}.Release|x64.Build.0 = Release|x64
		{3D4BF808-CBC6-4D10-AD87-EADCBA971183}.Release|x86.ActiveCfg = Release|Win32
		{3D4BF808-CBC6-4D10-AD87-EADCBA971183}.Release|x86.Build.0 = Release|Win32
		{636BF767-8921-490B-9574-E01F402DFD6E}.Debug|x64.ActiveCfg = Debug|x64
		{636BF767-8921-490B-9574-E01F402DFD6E}.Debug|x64.Build.0 = Debug|x64
		{636BF767-8921-490B-9574-E01F402DFD6E}.Debug|x86.ActiveCfg = Debug|Win32
		{636BF767-8921-490B-9574-E01F402DFD6E}.Debug|x86.Build.0 = Debug|Win32
		{636BF767-8921-490B-9574-E01F402DFD6E}.Release|x64.ActiveCfg = Release|x64
		{636BF767-8921-490B-9574-E01F402DFD6E}.Release|x64.Build.0 = Release|x64
		{636BF767-8921-490B-9574-E01F402DFD6E}.Release|x86.ActiveCfg = Release|Win32
		{636BF767-8921-490B-9574-E01F402DFD6E}.Release|x86.Build.0 = Release|Win32
		{7C37C350-F7FA-4AF7-B53F-BB3472FB55FF}.Debug|x64.ActiveCfg = Debug|x64
		{7C37C350-F7FA-4AF7-B53F-BB3472FB55FF}.Debug|x64.Build.0 = Debug|x64
		{7C37C350-F7FA-4AF7-B53F-BB3472FB55FF}.Debug|x86.ActiveCfg = Debug|Win32
		{7C37C350-F7FA-4AF7-B53F-BB3472FB55FF}.Debug|x86.Build.0 = Debug|Win32
		{7C37C350-F7FA-4AF7-B53F-BB3472FB55FF}.Release|x64.ActiveCfg = Release|x64
		{7C37C350-F7FA-4AF7-B53F-BB3472FB55FF}.Release|x64.Build.0 = Release|x64
		{7C37C350-F7FA-4AF7-B53F-BB3472FB55FF}.Release|x86.ActiveCfg = Release|Win32
		{7C37C350-F7FA-4AF7-B53F-BB3472FB55FF}.Release|x86.Build.0 = Release|Win32
		{4B57E3DB-31CC-4F2F-AC7B-776B39C90899}.Debug|x64.ActiveCfg = Debug|x64
		{4B57E3DB-31CC-4F2F-AC7B-776B39C90899}.Debug|x64.Build.0 = Debug|x64
		{4B57E3DB-31CC-4F2F-AC7B-776B39C90899}.Debug|x86.ActiveCfg = Debug|Win32
		{4B57E3DB-31CC-4F2F-AC7B-776B39C90899}.Debug|x86.Build.0 = Debug|Win32
		{4B57E3DB-31CC-4F2F-AC7B-776B39C90899}.Release|x64.ActiveCfg = Release|x64
		{4B57E3DB-31CC-4F2F-AC7B-776B39C90899}.Release|x64.Build.0 = Release|x64
		{4B57E3DB-31CC-4F2F-AC7B-776B39C90899}.Release|x86.ActiveCfg = Release|Win32
		{4B57E3DB-31CC-4F2F-AC7B-776B39C90899}.Release|x86.Build.0 = Release|Win32
		{ACDACC2E-497C-4CD3-9A96-802A67DF5A9F}.Debug|x64.ActiveCfg = Debug|x64
		{ACDACC2E-497C-4CD3-9A96-802A67DF5A9F}.Debug|x64.Build.0 = Debug|x64
		{ACDACC2E-497C-4CD3-9A96-802A67DF5A9F}.Debug|x86.ActiveCfg = Debug|Win32
		{ACDACC2E-497C-4CD3-9A96-802A67DF5A9F}.Debug|x86.Build.0 = Debug|Win32
		{ACDACC2E-497C-4CD3-9A96-802A67DF5A9F}.Release|x64.ActiveCfg = Release|x64
		{ACDACC2E-497C-4CD3-9A96-802A67DF5A9F}.Release|x64.Build.0 = Release|x64
		{ACDACC2E-497C-4CD3-9A96-802A67DF5A9F}.Release|x86.ActiveCfg = Release|Win32
		{ACDACC2E-497C-4CD3-9A96-802A67DF5A9F}.Release|x86.Build.0 = Release|Win32
		{F6FFF49E-9374-4DD3-BCDF-19B9833FC0E2}.Debug|x64.ActiveCfg = Debug|x64
		{F6FFF49E-9374-4DD3-BCDF-19B9833FC0E2}.Debug|x64.Build.0 = Debug|x64
		{F6FFF49E-9374-4DD3-BCDF-19B9833FC0E2}.Debug|x86.ActiveCfg = Debug|Win32
		{F6FFF49E-9374-4DD3-BCDF-19B9833FC0E2}.Debug|x86.Build.0 = Debug|Win32
		{F6FFF49E-9374-4DD3-BCDF-19B9833FC0E2}.Release|x64.ActiveCfg = Release|x64
		{F6FFF49E-9374-4DD3-BCDF-19B9833FC0E2}.Release|x64.Build.0 = Release|x64
		{F6FFF49E-9374-4DD3-BCDF-19B9833FC0E2}.Release|x86.ActiveCfg = Release|Win32
		{F6FFF49E-9374-4DD3-BCDF-19B9833FC0E2}.Release|x86.Build.0 = Release|Win32
		{39470295-4EB1-436D-AA7D-CE5216213E65}.Debug|x64.ActiveCfg = Debug|x64
		{39470295-4EB1-436D-AA7D-CE5216213E65}.Debug|x64.Build.0 = Debug|x64
		{39470295-4EB1-436D-AA7D-CE5216213E65}.Debug|x86.ActiveCfg = Debug|Win32
		{39470295-4EB1-436D-AA7D-CE5216213E65}.Debug|x86.Build.0 = Debug|Win32
		{39470295-4EB1-436D-AA7D-CE5216213E65}.Release|x64.ActiveCfg = Release|x64
		{39470295-4EB1-436D-AA7D-CE5216213E65}.Release|x64.Build.0 = Release|x64
		{39470295-4EB1-436D-AA7D-CE5216213E65}.Release|x86.ActiveCfg = Release|Win32
		{39470295-4EB1-436D-AA7D-CE5216213E65}.Release|x86.Build.0 = Release|Win32
	EndGlobalSection
	GlobalSection(SolutionProperties) = preSolution
		HideSolutionNode = FALSE
	EndGlobalSection
	GlobalSection(ExtensibilityGlobals) = postSolution
		SolutionGuid = {CF158F90-0994-4400-9FE6-204A1BDFB9A8}
	EndGlobalSection
EndGlobal
