
Microsoft Visual Studio Solution File, Format Version 12.00
# Visual Studio Version 17
VisualStudioVersion = 17.4.33110.190
MinimumVisualStudioVersion = 10.0.40219.1
Project("{8BC9CEB8-8B4A-11D0-8D11-00A0C91BC942}") = "testbed", "testbed\testbed.vcxproj", "{BAD3C2E2-3B2F-45D6-ABE7-C5751C8BDB8F}"
EndProject
Project("{9A19103F-16F7-4668-BE54-9A1E7A4F7556}") = "mall", "mall\mall.csproj", "{E09E6827-0D40-428A-9267-B19E76F0A940}"
EndProject
Project("{FAE04EC0-301F-11D3-BF4B-00C04F79EFBC}") = "blog", "blog\blog.csproj", "{93C0E696-266F-49FD-8A61-5D7984EE0128}"
EndProject
Project("{FAE04EC0-301F-11D3-BF4B-00C04F79EFBC}") = "community", "community\community.csproj", "{7E3DDCC2-AE10-4F48-9D28-4B5B385ECD1B}"
EndProject
Project("{FAE04EC0-301F-11D3-BF4B-00C04F79EFBC}") = "stream", "stream\stream.csproj", "{7D9FA4B3-5304-448B-83F6-E1EB596981E1}"
EndProject
Global
	GlobalSection(SolutionConfigurationPlatforms) = preSolution
		Debug|Any CPU = Debug|Any CPU
		Debug|x64 = Debug|x64
		Debug|x86 = Debug|x86
		Release|Any CPU = Release|Any CPU
		Release|x64 = Release|x64
		Release|x86 = Release|x86
	EndGlobalSection
	GlobalSection(ProjectConfigurationPlatforms) = postSolution
		{BAD3C2E2-3B2F-45D6-ABE7-C5751C8BDB8F}.Debug|Any CPU.ActiveCfg = Debug|x64
		{BAD3C2E2-3B2F-45D6-ABE7-C5751C8BDB8F}.Debug|Any CPU.Build.0 = Debug|x64
		{BAD3C2E2-3B2F-45D6-ABE7-C5751C8BDB8F}.Debug|x64.ActiveCfg = Debug|x64
		{BAD3C2E2-3B2F-45D6-ABE7-C5751C8BDB8F}.Debug|x64.Build.0 = Debug|x64
		{BAD3C2E2-3B2F-45D6-ABE7-C5751C8BDB8F}.Debug|x86.ActiveCfg = Debug|Win32
		{BAD3C2E2-3B2F-45D6-ABE7-C5751C8BDB8F}.Debug|x86.Build.0 = Debug|Win32
		{BAD3C2E2-3B2F-45D6-ABE7-C5751C8BDB8F}.Release|Any CPU.ActiveCfg = Release|x64
		{BAD3C2E2-3B2F-45D6-ABE7-C5751C8BDB8F}.Release|Any CPU.Build.0 = Release|x64
		{BAD3C2E2-3B2F-45D6-ABE7-C5751C8BDB8F}.Release|x64.ActiveCfg = Release|x64
		{BAD3C2E2-3B2F-45D6-ABE7-C5751C8BDB8F}.Release|x64.Build.0 = Release|x64
		{BAD3C2E2-3B2F-45D6-ABE7-C5751C8BDB8F}.Release|x86.ActiveCfg = Release|Win32
		{BAD3C2E2-3B2F-45D6-ABE7-C5751C8BDB8F}.Release|x86.Build.0 = Release|Win32
		{E09E6827-0D40-428A-9267-B19E76F0A940}.Debug|Any CPU.ActiveCfg = Debug|Any CPU
		{E09E6827-0D40-428A-9267-B19E76F0A940}.Debug|Any CPU.Build.0 = Debug|Any CPU
		{E09E6827-0D40-428A-9267-B19E76F0A940}.Debug|x64.ActiveCfg = Debug|Any CPU
		{E09E6827-0D40-428A-9267-B19E76F0A940}.Debug|x64.Build.0 = Debug|Any CPU
		{E09E6827-0D40-428A-9267-B19E76F0A940}.Debug|x86.ActiveCfg = Debug|Any CPU
		{E09E6827-0D40-428A-9267-B19E76F0A940}.Debug|x86.Build.0 = Debug|Any CPU
		{E09E6827-0D40-428A-9267-B19E76F0A940}.Release|Any CPU.ActiveCfg = Release|Any CPU
		{E09E6827-0D40-428A-9267-B19E76F0A940}.Release|Any CPU.Build.0 = Release|Any CPU
		{E09E6827-0D40-428A-9267-B19E76F0A940}.Release|x64.ActiveCfg = Release|Any CPU
		{E09E6827-0D40-428A-9267-B19E76F0A940}.Release|x64.Build.0 = Release|Any CPU
		{E09E6827-0D40-428A-9267-B19E76F0A940}.Release|x86.ActiveCfg = Release|Any CPU
		{E09E6827-0D40-428A-9267-B19E76F0A940}.Release|x86.Build.0 = Release|Any CPU
		{93C0E696-266F-49FD-8A61-5D7984EE0128}.Debug|Any CPU.ActiveCfg = Debug|Any CPU
		{93C0E696-266F-49FD-8A61-5D7984EE0128}.Debug|Any CPU.Build.0 = Debug|Any CPU
		{93C0E696-266F-49FD-8A61-5D7984EE0128}.Debug|x64.ActiveCfg = Debug|Any CPU
		{93C0E696-266F-49FD-8A61-5D7984EE0128}.Debug|x64.Build.0 = Debug|Any CPU
		{93C0E696-266F-49FD-8A61-5D7984EE0128}.Debug|x86.ActiveCfg = Debug|Any CPU
		{93C0E696-266F-49FD-8A61-5D7984EE0128}.Debug|x86.Build.0 = Debug|Any CPU
		{93C0E696-266F-49FD-8A61-5D7984EE0128}.Release|Any CPU.ActiveCfg = Release|Any CPU
		{93C0E696-266F-49FD-8A61-5D7984EE0128}.Release|Any CPU.Build.0 = Release|Any CPU
		{93C0E696-266F-49FD-8A61-5D7984EE0128}.Release|x64.ActiveCfg = Release|Any CPU
		{93C0E696-266F-49FD-8A61-5D7984EE0128}.Release|x64.Build.0 = Release|Any CPU
		{93C0E696-266F-49FD-8A61-5D7984EE0128}.Release|x86.ActiveCfg = Release|Any CPU
		{93C0E696-266F-49FD-8A61-5D7984EE0128}.Release|x86.Build.0 = Release|Any CPU
		{7E3DDCC2-AE10-4F48-9D28-4B5B385ECD1B}.Debug|Any CPU.ActiveCfg = Debug|Any CPU
		{7E3DDCC2-AE10-4F48-9D28-4B5B385ECD1B}.Debug|Any CPU.Build.0 = Debug|Any CPU
		{7E3DDCC2-AE10-4F48-9D28-4B5B385ECD1B}.Debug|x64.ActiveCfg = Debug|Any CPU
		{7E3DDCC2-AE10-4F48-9D28-4B5B385ECD1B}.Debug|x64.Build.0 = Debug|Any CPU
		{7E3DDCC2-AE10-4F48-9D28-4B5B385ECD1B}.Debug|x86.ActiveCfg = Debug|Any CPU
		{7E3DDCC2-AE10-4F48-9D28-4B5B385ECD1B}.Debug|x86.Build.0 = Debug|Any CPU
		{7E3DDCC2-AE10-4F48-9D28-4B5B385ECD1B}.Release|Any CPU.ActiveCfg = Release|Any CPU
		{7E3DDCC2-AE10-4F48-9D28-4B5B385ECD1B}.Release|Any CPU.Build.0 = Release|Any CPU
		{7E3DDCC2-AE10-4F48-9D28-4B5B385ECD1B}.Release|x64.ActiveCfg = Release|Any CPU
		{7E3DDCC2-AE10-4F48-9D28-4B5B385ECD1B}.Release|x64.Build.0 = Release|Any CPU
		{7E3DDCC2-AE10-4F48-9D28-4B5B385ECD1B}.Release|x86.ActiveCfg = Release|Any CPU
		{7E3DDCC2-AE10-4F48-9D28-4B5B385ECD1B}.Release|x86.Build.0 = Release|Any CPU
		{7D9FA4B3-5304-448B-83F6-E1EB596981E1}.Debug|Any CPU.ActiveCfg = Debug|Any CPU
		{7D9FA4B3-5304-448B-83F6-E1EB596981E1}.Debug|Any CPU.Build.0 = Debug|Any CPU
		{7D9FA4B3-5304-448B-83F6-E1EB596981E1}.Debug|x64.ActiveCfg = Debug|Any CPU
		{7D9FA4B3-5304-448B-83F6-E1EB596981E1}.Debug|x64.Build.0 = Debug|Any CPU
		{7D9FA4B3-5304-448B-83F6-E1EB596981E1}.Debug|x86.ActiveCfg = Debug|Any CPU
		{7D9FA4B3-5304-448B-83F6-E1EB596981E1}.Debug|x86.Build.0 = Debug|Any CPU
		{7D9FA4B3-5304-448B-83F6-E1EB596981E1}.Release|Any CPU.ActiveCfg = Release|Any CPU
		{7D9FA4B3-5304-448B-83F6-E1EB596981E1}.Release|Any CPU.Build.0 = Release|Any CPU
		{7D9FA4B3-5304-448B-83F6-E1EB596981E1}.Release|x64.ActiveCfg = Release|Any CPU
		{7D9FA4B3-5304-448B-83F6-E1EB596981E1}.Release|x64.Build.0 = Release|Any CPU
		{7D9FA4B3-5304-448B-83F6-E1EB596981E1}.Release|x86.ActiveCfg = Release|Any CPU
		{7D9FA4B3-5304-448B-83F6-E1EB596981E1}.Release|x86.Build.0 = Release|Any CPU
	EndGlobalSection
	GlobalSection(SolutionProperties) = preSolution
		HideSolutionNode = FALSE
	EndGlobalSection
	GlobalSection(ExtensibilityGlobals) = postSolution
		SolutionGuid = {5B6956EC-75D3-4DE3-B9C1-E9AA1C0A5A7E}
	EndGlobalSection
EndGlobal
